
Microsoft Visual Studio Solution File, Format Version 12.00
# Visual Studio Version 17
VisualStudioVersion = 17.8.34511.84
MinimumVisualStudioVersion = 10.0.40219.1
Project("{FAE04EC0-301F-11D3-BF4B-00C04F79EFBC}") = "Merge_Sorted_Array", "Merge_Sorted_Array\Merge_Sorted_Array.csproj", "{E914ED9D-FB39-4CD0-AD94-9732CA6702A3}"
EndProject
Project("{FAE04EC0-301F-11D3-BF4B-00C04F79EFBC}") = "Fibonacci", "Fibonacci\Fibonacci.csproj", "{2DF84374-4756-47C6-8AA5-55D632D279CA}"
EndProject
Global
	GlobalSection(SolutionConfigurationPlatforms) = preSolution
		Debug|Any CPU = Debug|Any CPU
		Release|Any CPU = Release|Any CPU
	EndGlobalSection
	GlobalSection(ProjectConfigurationPlatforms) = postSolution
		{E914ED9D-FB39-4CD0-AD94-9732CA6702A3}.Debug|Any CPU.ActiveCfg = Debug|Any CPU
		{E914ED9D-FB39-4CD0-AD94-9732CA6702A3}.Debug|Any CPU.Build.0 = Debug|Any CPU
		{E914ED9D-FB39-4CD0-AD94-9732CA6702A3}.Release|Any CPU.ActiveCfg = Release|Any CPU
		{E914ED9D-FB39-4CD0-AD94-9732CA6702A3}.Release|Any CPU.Build.0 = Release|Any CPU
		{2DF84374-4756-47C6-8AA5-55D632D279CA}.Debug|Any CPU.ActiveCfg = Debug|Any CPU
		{2DF84374-4756-47C6-8AA5-55D632D279CA}.Debug|Any CPU.Build.0 = Debug|Any CPU
		{2DF84374-4756-47C6-8AA5-55D632D279CA}.Release|Any CPU.ActiveCfg = Release|Any CPU
		{2DF84374-4756-47C6-8AA5-55D632D279CA}.Release|Any CPU.Build.0 = Release|Any CPU
	EndGlobalSection
	GlobalSection(SolutionProperties) = preSolution
		HideSolutionNode = FALSE
	EndGlobalSection
	GlobalSection(ExtensibilityGlobals) = postSolution
		SolutionGuid = {7489E169-C64F-4A62-8137-BADFD613AB6F}
	EndGlobalSection
EndGlobal
